PODS:
  - AFNetworking (3.1.0):
    - AFNetworking/NSURLSession (= 3.1.0)
    - AFNetworking/Reachability (= 3.1.0)
    - AFNetworking/Security (= 3.1.0)
    - AFNetworking/Serialization (= 3.1.0)
    - AFNetworking/UIKit (= 3.1.0)
  - AFNetworking/NSURLSession (3.1.0):
    - AFNetworking/Reachability
    - AFNetworking/Security
    - AFNetworking/Serialization
  - AFNetworking/Reachability (3.1.0)
  - AFNetworking/Security (3.1.0)
  - AFNetworking/Serialization (3.1.0)
  - AFNetworking/UIKit (3.1.0):
    - AFNetworking/NSURLSession
  - CocoaLumberjack (2.3.0):
    - CocoaLumberjack/Default (= 2.3.0)
    - CocoaLumberjack/Extensions (= 2.3.0)
  - CocoaLumberjack/Core (2.3.0)
  - CocoaLumberjack/Default (2.3.0):
    - CocoaLumberjack/Core
  - CocoaLumberjack/Extensions (2.3.0):
    - CocoaLumberjack/Default
  - Lock (1.26.0):
    - CocoaLumberjack (~> 2.0)
    - Lock/Core (= 1.26.0)
    - Lock/UI (= 1.26.0)
    - Lock/WebView (= 1.26.0)
  - Lock/Core (1.26.0):
    - AFNetworking (~> 3.0)
    - CocoaLumberjack (~> 2.0)
  - Lock/CoreUI (1.26.0):
    - CocoaLumberjack (~> 2.0)
    - Lock/Core
    - Masonry (~> 0.6)
  - Lock/Email (1.26.0):
    - CocoaLumberjack (~> 2.0)
    - Lock/UI
  - Lock/SMS (1.26.0):
    - CocoaLumberjack (~> 2.0)
    - Lock/UI
  - Lock/TouchID (1.26.0):
    - CocoaLumberjack (~> 2.0)
    - Lock/UI
    - SimpleKeychain (~> 0.2)
    - TouchIDAuth (~> 0.1)
  - Lock/UI (1.26.0):
    - CocoaLumberjack (~> 2.0)
    - Lock/CoreUI
  - Lock/WebView (1.26.0):
    - CocoaLumberjack (~> 2.0)
    - Lock/CoreUI
  - Masonry (0.6.4)
  - SimpleKeychain (0.7.0)
  - TouchIDAuth (0.2.0):
    - SimpleKeychain (~> 0.3)

DEPENDENCIES:
  - Lock (~> 1.24)
  - Lock/Email
  - Lock/SMS
  - Lock/TouchID

SPEC CHECKSUMS:
  AFNetworking: 5e0e199f73d8626b11e79750991f5d173d1f8b67
  CocoaLumberjack: 97fab7ee5f507fe54445cca7ea80f926729cfd15
  Lock: d863c3aebe57d2e8f3e5f40c9c5ba695ec2f1162
  Masonry: 281802d04d787ea2973179ee8bcb50500579ede2
  SimpleKeychain: b50cef3b87939d480ea1143425c00f5b4b70fe21
  TouchIDAuth: 0cf861f58a2cacfc1c12cb02de4850729d943c81

PODFILE CHECKSUM: 5e63d8cb6c3264dd1c12d5a654618e4286c04afb

COCOAPODS: 1.0.0
